Microsoft Visual Studio Solution File, Format Version 12.00
# Visual Studio Version 17
VisualStudioVersion = 17.5.2.0
MinimumVisualStudioVersion = 10.0.40219.1
Project("{FAE04EC0-301F-11D3-BF4B-00C04F79EFBC}") = "greptile_with_Custom_Instructions_dashboard", "greptile_with_Custom_Instructions_dashboard.csproj", "{13724871-388C-2112-7F4B-D10FD760B9BA}"
EndProject
Global
	GlobalSection(SolutionConfigurationPlatforms) = preSolution
		Debug|Any CPU = Debug|Any CPU
		Release|Any CPU = Release|Any CPU
	EndGlobalSection
	GlobalSection(ProjectConfigurationPlatforms) = postSolution
		{13724871-388C-2112-7F4B-D10FD760B9BA}.Debug|Any CPU.ActiveCfg = Debug|Any CPU
		{13724871-388C-2112-7F4B-D10FD760B9BA}.Debug|Any CPU.Build.0 = Debug|Any CPU
		{13724871-388C-2112-7F4B-D10FD760B9BA}.Release|Any CPU.ActiveCfg = Release|Any CPU
		{13724871-388C-2112-7F4B-D10FD760B9BA}.Release|Any CPU.Build.0 = Release|Any CPU
	EndGlobalSection
	GlobalSection(SolutionProperties) = preSolution
		HideSolutionNode = FALSE
	EndGlobalSection
	GlobalSection(ExtensibilityGlobals) = postSolution
		SolutionGuid = {FCEB6F03-3D3D-4A6A-9DB7-BD2BB23D624C}
	EndGlobalSection
EndGlobal
